
Microsoft Visual Studio Solution File, Format Version 12.00
# Visual Studio Version 17
VisualStudioVersion = 17.1.32228.430
MinimumVisualStudioVersion = 10.0.40219.1
Project("{9A19103F-16F7-4668-BE54-9A1E7A4F7556}") = "Enshorten", "Enshorten.csproj", "{A75027D4-301B-4D71-AF76-F4C3C7DBCA90}"
EndProject
Project("{FAE04EC0-301F-11D3-BF4B-00C04F79EFBC}") = "EnshortenUnitTests", "..\EnshortenUnitTests\EnshortenUnitTests.csproj", "{36BCDEC7-E4B3-4102-9D46-3972E67A0A16}"
EndProject
Global
	GlobalSection(SolutionConfigurationPlatforms) = preSolution
		Debug|Any CPU = Debug|Any CPU
		Release|Any CPU = Release|Any CPU
	EndGlobalSection
	GlobalSection(ProjectConfigurationPlatforms) = postSolution
		{A75027D4-301B-4D71-AF76-F4C3C7DBCA90}.Debug|Any CPU.ActiveCfg = Debug|Any CPU
		{A75027D4-301B-4D71-AF76-F4C3C7DBCA90}.Debug|Any CPU.Build.0 = Debug|Any CPU
		{A75027D4-301B-4D71-AF76-F4C3C7DBCA90}.Release|Any CPU.ActiveCfg = Release|Any CPU
		{A75027D4-301B-4D71-AF76-F4C3C7DBCA90}.Release|Any CPU.Build.0 = Release|Any CPU
		{36BCDEC7-E4B3-4102-9D46-3972E67A0A16}.Debug|Any CPU.ActiveCfg = Debug|Any CPU
		{36BCDEC7-E4B3-4102-9D46-3972E67A0A16}.Debug|Any CPU.Build.0 = Debug|Any CPU
		{36BCDEC7-E4B3-4102-9D46-3972E67A0A16}.Release|Any CPU.ActiveCfg = Release|Any CPU
		{36BCDEC7-E4B3-4102-9D46-3972E67A0A16}.Release|Any CPU.Build.0 = Release|Any CPU
	EndGlobalSection
	GlobalSection(SolutionProperties) = preSolution
		HideSolutionNode = FALSE
	EndGlobalSection
	GlobalSection(ExtensibilityGlobals) = postSolution
		SolutionGuid = {48549613-DCF0-446D-9D76-507566A21725}
	EndGlobalSection
EndGlobal
